// !$*UTF8*$!
{
	archiveVersion = 1;
	classes = {
	};
	objectVersion = 46;
	objects = {

/* Begin PBXBuildFile section */
		6042DF565127BD57816B9566 /* Pods_Sandwich.framework in Frameworks */ = {isa = PBXBuildFile; fileRef = 4412438B757C549E289F44B6 /* Pods_Sandwich.framework */; };
		B49EF94E1F196FCC0092FAD2 /* AppDelegate.swift in Sources */ = {isa = PBXBuildFile; fileRef = B49EF94D1F196FCC0092FAD2 /* AppDelegate.swift */; };
		B49EF9501F196FCC0092FAD2 /* SandwichViewController.swift in Sources */ = {isa = PBXBuildFile; fileRef = B49EF94F1F196FCC0092FAD2 /* SandwichViewController.swift */; };
		B49EF9531F196FCC0092FAD2 /* Main.storyboard in Resources */ = {isa = PBXBuildFile; fileRef = B49EF9511F196FCC0092FAD2 /* Main.storyboard */; };
		B49EF9551F196FCC0092FAD2 /* Assets.xcassets in Resources */ = {isa = PBXBuildFile; fileRef = B49EF9541F196FCC0092FAD2 /* Assets.xcassets */; };
		B49EF9581F196FCC0092FAD2 /* LaunchScreen.storyboard in Resources */ = {isa = PBXBuildFile; fileRef = B49EF9561F196FCC0092FAD2 /* LaunchScreen.storyboard */; };
		B49EF9621F1973200092FAD2 /* SandwichType.swift in Sources */ = {isa = PBXBuildFile; fileRef = B49EF9611F1973200092FAD2 /* SandwichType.swift */; };
		B4C881221F1B08A30063B755 /* AlertHelper.swift in Sources */ = {isa = PBXBuildFile; fileRef = B4C881211F1B08A30063B755 /* AlertHelper.swift */; };
		B4C881251F1BA9DD0063B755 /* IngredientsTableViewController.swift in Sources */ = {isa = PBXBuildFile; fileRef = B4C881241F1BA9DD0063B755 /* IngredientsTableViewController.swift */; };
		B4C881271F1BABDD0063B755 /* Ingredient.swift in Sources */ = {isa = PBXBuildFile; fileRef = B4C881261F1BABDD0063B755 /* Ingredient.swift */; };
		B4C8812B1F1BB8790063B755 /* Demo.swift in Sources */ = {isa = PBXBuildFile; fileRef = B4C8812A1F1BB8790063B755 /* Demo.swift */; };
		B4C8812D1F1BE9470063B755 /* IngredientTableViewCell.swift in Sources */ = {isa = PBXBuildFile; fileRef = B4C8812C1F1BE9470063B755 /* IngredientTableViewCell.swift */; };
		B4C8812F1F1BF6560063B755 /* IngredientCellModel.swift in Sources */ = {isa = PBXBuildFile; fileRef = B4C8812E1F1BF6560063B755 /* IngredientCellModel.swift */; };
/* End PBXBuildFile section */

/* Begin PBXFileReference section */
		4412438B757C549E289F44B6 /* Pods_Sandwich.framework */ = {isa = PBXFileReference; explicitFileType = wrapper.framework; includeInIndex = 0; path = Pods_Sandwich.framework; sourceTree = BUILT_PRODUCTS_DIR; };
		981B76B3B18575DF067A042A /* Pods-Sandwich.release.xcconfig */ = {isa = PBXFileReference; includeInIndex = 1; lastKnownFileType = text.xcconfig; name = "Pods-Sandwich.release.xcconfig"; path = "Pods/Target Support Files/Pods-Sandwich/Pods-Sandwich.release.xcconfig"; sourceTree = "<group>"; };
		B468D1F71F1CF6D700E6ACC1 /* MobileDev.playground */ = {isa = PBXFileReference; lastKnownFileType = file.playground; path = MobileDev.playground; sourceTree = "<group>"; };
		B49EF94A1F196FCC0092FAD2 /* Sandwich.app */ = {isa = PBXFileReference; explicitFileType = wrapper.application; includeInIndex = 0; path = Sandwich.app; sourceTree = BUILT_PRODUCTS_DIR; };
		B49EF94D1F196FCC0092FAD2 /* AppDelegate.swift */ = {isa = PBXFileReference; lastKnownFileType = sourcecode.swift; path = AppDelegate.swift; sourceTree = "<group>"; };
		B49EF94F1F196FCC0092FAD2 /* SandwichViewController.swift */ = {isa = PBXFileReference; lastKnownFileType = sourcecode.swift; path = SandwichViewController.swift; sourceTree = "<group>"; };
		B49EF9521F196FCC0092FAD2 /* Base */ = {isa = PBXFileReference; lastKnownFileType = file.storyboard; name = Base; path = Base.lproj/Main.storyboard; sourceTree = "<group>"; };
		B49EF9541F196FCC0092FAD2 /* Assets.xcassets */ = {isa = PBXFileReference; lastKnownFileType = folder.assetcatalog; path = Assets.xcassets; sourceTree = "<group>"; };
		B49EF9571F196FCC0092FAD2 /* Base */ = {isa = PBXFileReference; lastKnownFileType = file.storyboard; name = Base; path = Base.lproj/LaunchScreen.storyboard; sourceTree = "<group>"; };
		B49EF9591F196FCC0092FAD2 /* Info.plist */ = {isa = PBXFileReference; lastKnownFileType = text.plist.xml; path = Info.plist; sourceTree = "<group>"; };
		B49EF9611F1973200092FAD2 /* SandwichType.swift */ = {isa = PBXFileReference; fileEncoding = 4; lastKnownFileType = sourcecode.swift; path = SandwichType.swift; sourceTree = "<group>"; };
		B4C881201F1A85560063B755 /* RxSwift.playground */ = {isa = PBXFileReference; lastKnownFileType = file.playground; path = RxSwift.playground; sourceTree = "<group>"; };
		B4C881211F1B08A30063B755 /* AlertHelper.swift */ = {isa = PBXFileReference; fileEncoding = 4; lastKnownFileType = sourcecode.swift; path = AlertHelper.swift; sourceTree = "<group>"; };
		B4C881241F1BA9DD0063B755 /* IngredientsTableViewController.swift */ = {isa = PBXFileReference; fileEncoding = 4; lastKnownFileType = sourcecode.swift; path = IngredientsTableViewController.swift; sourceTree = "<group>"; };
		B4C881261F1BABDD0063B755 /* Ingredient.swift */ = {isa = PBXFileReference; fileEncoding = 4; lastKnownFileType = sourcecode.swift; path = Ingredient.swift; sourceTree = "<group>"; };
		B4C8812A1F1BB8790063B755 /* Demo.swift */ = {isa = PBXFileReference; fileEncoding = 4; lastKnownFileType = sourcecode.swift; path = Demo.swift; sourceTree = "<group>"; };
		B4C8812C1F1BE9470063B755 /* IngredientTableViewCell.swift */ = {isa = PBXFileReference; fileEncoding = 4; lastKnownFileType = sourcecode.swift; path = IngredientTableViewCell.swift; sourceTree = "<group>"; };
		B4C8812E1F1BF6560063B755 /* IngredientCellModel.swift */ = {isa = PBXFileReference; fileEncoding = 4; lastKnownFileType = sourcecode.swift; path = IngredientCellModel.swift; sourceTree = "<group>"; };
		F05A9DFC3768A19E01D51932 /* Pods-Sandwich.debug.xcconfig */ = {isa = PBXFileReference; includeInIndex = 1; lastKnownFileType = text.xcconfig; name = "Pods-Sandwich.debug.xcconfig"; path = "Pods/Target Support Files/Pods-Sandwich/Pods-Sandwich.debug.xcconfig"; sourceTree = "<group>"; };
/* End PBXFileReference section */

/* Begin PBXFrameworksBuildPhase section */
		B49EF9471F196FCC0092FAD2 /* Frameworks */ = {
			isa = PBXFrameworksBuildPhase;
			buildActionMask = 2147483647;
			files = (
				6042DF565127BD57816B9566 /* Pods_Sandwich.framework in Frameworks */,
			);
			runOnlyForDeploymentPostprocessing = 0;
		};
/* End PBXFrameworksBuildPhase section */

/* Begin PBXGroup section */
		7243F6AE3999817C4FFB9B31 /* Pods */ = {
			isa = PBXGroup;
			children = (
				F05A9DFC3768A19E01D51932 /* Pods-Sandwich.debug.xcconfig */,
				981B76B3B18575DF067A042A /* Pods-Sandwich.release.xcconfig */,
			);
			name = Pods;
			sourceTree = "<group>";
		};
		B49EF9411F196FCC0092FAD2 = {
			isa = PBXGroup;
			children = (
				B49EF94C1F196FCC0092FAD2 /* Sandwich */,
				B49EF94B1F196FCC0092FAD2 /* Products */,
				7243F6AE3999817C4FFB9B31 /* Pods */,
				CD1DBD8BA9A698AF7A2E1FB4 /* Frameworks */,
			);
			sourceTree = "<group>";
		};
		B49EF94B1F196FCC0092FAD2 /* Products */ = {
			isa = PBXGroup;
			children = (
				B49EF94A1F196FCC0092FAD2 /* Sandwich.app */,
			);
			name = Products;
			sourceTree = "<group>";
		};
		B49EF94C1F196FCC0092FAD2 /* Sandwich */ = {
			isa = PBXGroup;
			children = (
				B49EF94D1F196FCC0092FAD2 /* AppDelegate.swift */,
				B49EF9561F196FCC0092FAD2 /* LaunchScreen.storyboard */,
				B49EF9511F196FCC0092FAD2 /* Main.storyboard */,
				B4C881241F1BA9DD0063B755 /* IngredientsTableViewController.swift */,
				B4C8812E1F1BF6560063B755 /* IngredientCellModel.swift */,
				B4C8812C1F1BE9470063B755 /* IngredientTableViewCell.swift */,
				B49EF94F1F196FCC0092FAD2 /* SandwichViewController.swift */,
				B49EF9611F1973200092FAD2 /* SandwichType.swift */,
				B4C881261F1BABDD0063B755 /* Ingredient.swift */,
				B4C881231F1B08B00063B755 /* Supporting Files */,
			);
			path = Sandwich;
			sourceTree = "<group>";
		};
		B4C881231F1B08B00063B755 /* Supporting Files */ = {
			isa = PBXGroup;
			children = (
				B4C881201F1A85560063B755 /* RxSwift.playground */,
				B468D1F71F1CF6D700E6ACC1 /* MobileDev.playground */,
				B4C881211F1B08A30063B755 /* AlertHelper.swift */,
				B4C8812A1F1BB8790063B755 /* Demo.swift */,
				B49EF9591F196FCC0092FAD2 /* Info.plist */,
				B49EF9541F196FCC0092FAD2 /* Assets.xcassets */,
			);
			name = "Supporting Files";
			sourceTree = "<group>";
		};
		CD1DBD8BA9A698AF7A2E1FB4 /* Frameworks */ = {
			isa = PBXGroup;
			children = (
				4412438B757C549E289F44B6 /* Pods_Sandwich.framework */,
			);
			name = Frameworks;
			sourceTree = "<group>";
		};
/* End PBXGroup section */

/* Begin PBXNativeTarget section */
		B49EF9491F196FCC0092FAD2 /* Sandwich */ = {
			isa = PBXNativeTarget;
			buildConfigurationList = B49EF95C1F196FCC0092FAD2 /* Build configuration list for PBXNativeTarget "Sandwich" */;
			buildPhases = (
				AF4B5C7B361A9AE1BA31C5E6 /* [CP] Check Pods Manifest.lock */,
				B49EF9461F196FCC0092FAD2 /* Sources */,
				B49EF9471F196FCC0092FAD2 /* Frameworks */,
				B49EF9481F196FCC0092FAD2 /* Resources */,
				BDA5812A6F4F0140D6AC8002 /* [CP] Embed Pods Frameworks */,
				EDDB7C1F33CD4157E0FC6780 /* [CP] Copy Pods Resources */,
			);
			buildRules = (
			);
			dependencies = (
			);
			name = Sandwich;
			productName = Sandwich;
			productReference = B49EF94A1F196FCC0092FAD2 /* Sandwich.app */;
			productType = "com.apple.product-type.application";
		};
/* End PBXNativeTarget section */

/* Begin PBXProject section */
		B49EF9421F196FCC0092FAD2 /* Project object */ = {
			isa = PBXProject;
			attributes = {
				LastSwiftUpdateCheck = 0830;
				LastUpgradeCheck = 0830;
				ORGANIZATIONNAME = JasonCanCode;
				TargetAttributes = {
					B49EF9491F196FCC0092FAD2 = {
						CreatedOnToolsVersion = 8.3.3;
						DevelopmentTeam = 74CF28R6R2;
						ProvisioningStyle = Automatic;
					};
				};
			};
			buildConfigurationList = B49EF9451F196FCC0092FAD2 /* Build configuration list for PBXProject "Sandwich" */;
			compatibilityVersion = "Xcode 3.2";
			developmentRegion = English;
			hasScannedForEncodings = 0;
			knownRegions = (
				en,
				Base,
			);
			mainGroup = B49EF9411F196FCC0092FAD2;
			productRefGroup = B49EF94B1F196FCC0092FAD2 /* Products */;
			projectDirPath = "";
			projectRoot = "";
			targets = (
				B49EF9491F196FCC0092FAD2 /* Sandwich */,
			);
		};
/* End PBXProject section */

/* Begin PBXResourcesBuildPhase section */
		B49EF9481F196FCC0092FAD2 /* Resources */ = {
			isa = PBXResourcesBuildPhase;
			buildActionMask = 2147483647;
			files = (
				B49EF9581F196FCC0092FAD2 /* LaunchScreen.storyboard in Resources */,
				B49EF9551F196FCC0092FAD2 /* Assets.xcassets in Resources */,
				B49EF9531F196FCC0092FAD2 /* Main.storyboard in Resources */,
			);
			runOnlyForDeploymentPostprocessing = 0;
		};
/* End PBXResourcesBuildPhase section */

/* Begin PBXShellScriptBuildPhase section */
		AF4B5C7B361A9AE1BA31C5E6 /* [CP] Check Pods Manifest.lock */ = {
			isa = PBXShellScriptBuildPhase;
			buildActionMask = 2147483647;
			files = (
			);
			inputPaths = (
			);
			name = "[CP] Check Pods Manifest.lock";
			outputPaths = (
			);
			runOnlyForDeploymentPostprocessing = 0;
			shellPath = /bin/sh;
			shellScript = "diff \"${PODS_PODFILE_DIR_PATH}/Podfile.lock\" \"${PODS_ROOT}/Manifest.lock\" > /dev/null\nif [ $? != 0 ] ; then\n    # print error to STDERR\n    echo \"error: The sandbox is not in sync with the Podfile.lock. Run 'pod install' or update your CocoaPods installation.\" >&2\n    exit 1\nfi\n";
			showEnvVarsInLog = 0;
		};
		BDA5812A6F4F0140D6AC8002 /* [CP] Embed Pods Frameworks */ = {
			isa = PBXShellScriptBuildPhase;
			buildActionMask = 2147483647;
			files = (
			);
			inputPaths = (
			);
			name = "[CP] Embed Pods Frameworks";
			outputPaths = (
			);
			runOnlyForDeploymentPostprocessing = 0;
			shellPath = /bin/sh;
			shellScript = "\"${SRCROOT}/Pods/Target Support Files/Pods-Sandwich/Pods-Sandwich-frameworks.sh\"\n";
			showEnvVarsInLog = 0;
		};
		EDDB7C1F33CD4157E0FC6780 /* [CP] Copy Pods Resources */ = {
			isa = PBXShellScriptBuildPhase;
			buildActionMask = 2147483647;
			files = (
			);
			inputPaths = (
			);
			name = "[CP] Copy Pods Resources";
			outputPaths = (
			);
			runOnlyForDeploymentPostprocessing = 0;
			shellPath = /bin/sh;
			shellScript = "\"${SRCROOT}/Pods/Target Support Files/Pods-Sandwich/Pods-Sandwich-resources.sh\"\n";
			showEnvVarsInLog = 0;
		};
/* End PBXShellScriptBuildPhase section */

/* Begin PBXSourcesBuildPhase section */
		B49EF9461F196FCC0092FAD2 /* Sources */ = {
			isa = PBXSourcesBuildPhase;
			buildActionMask = 2147483647;
			files = (
				B49EF9621F1973200092FAD2 /* SandwichType.swift in Sources */,
				B4C8812B1F1BB8790063B755 /* Demo.swift in Sources */,
				B4C881271F1BABDD0063B755 /* Ingredient.swift in Sources */,
				B49EF9501F196FCC0092FAD2 /* SandwichViewController.swift in Sources */,
				B4C8812D1F1BE9470063B755 /* IngredientTableViewCell.swift in Sources */,
				B4C881221F1B08A30063B755 /* AlertHelper.swift in Sources */,
				B4C8812F1F1BF6560063B755 /* IngredientCellModel.swift in Sources */,
				B4C881251F1BA9DD0063B755 /* IngredientsTableViewController.swift in Sources */,
				B49EF94E1F196FCC0092FAD2 /* AppDelegate.swift in Sources */,
			);
			runOnlyForDeploymentPostprocessing = 0;
		};
/* End PBXSourcesBuildPhase section */

/* Begin PBXVariantGroup section */
		B49EF9511F196FCC0092FAD2 /* Main.storyboard */ = {
			isa = PBXVariantGroup;
			children = (
				B49EF9521F196FCC0092FAD2 /* Base */,
			);
			name = Main.storyboard;
			sourceTree = "<group>";
		};
		B49EF9561F196FCC0092FAD2 /* LaunchScreen.storyboard */ = {
			isa = PBXVariantGroup;
			children = (
				B49EF9571F196FCC0092FAD2 /* Base */,
			);
			name = LaunchScreen.storyboard;
			sourceTree = "<group>";
		};
/* End PBXVariantGroup section */

/* Begin XCBuildConfiguration section */
		B49EF95A1F196FCC0092FAD2 /* Debug */ = {
			isa = XCBuildConfiguration;
			buildSettings = {
				ALWAYS_SEARCH_USER_PATHS = NO;
				CLANG_ANALYZER_NONNULL = YES;
				CLANG_ANALYZER_NUMBER_OBJECT_CONVERSION = YES_AGGRESSIVE;
				CLANG_CXX_LANGUAGE_STANDARD = "gnu++0x";
				CLANG_CXX_LIBRARY = "libc++";
				CLANG_ENABLE_MODULES = YES;
				CLANG_ENABLE_OBJC_ARC = YES;
				CLANG_WARN_BOOL_CONVERSION = YES;
				CLANG_WARN_CONSTANT_CONVERSION = YES;
				CLANG_WARN_DIRECT_OBJC_ISA_USAGE = YES_ERROR;
				CLANG_WARN_DOCUMENTATION_COMMENTS = YES;
				CLANG_WARN_EMPTY_BODY = YES;
				CLANG_WARN_ENUM_CONVERSION = YES;
				CLANG_WARN_INFINITE_RECURSION = YES;
				CLANG_WARN_INT_CONVERSION = YES;
				CLANG_WARN_OBJC_ROOT_CLASS = YES_ERROR;
				CLANG_WARN_SUSPICIOUS_MOVE = YES;
				CLANG_WARN_UNREACHABLE_CODE = YES;
				CLANG_WARN__DUPLICATE_METHOD_MATCH = YES;
				"CODE_SIGN_IDENTITY[sdk=iphoneos*]" = "iPhone Developer";
				COPY_PHASE_STRIP = NO;
				DEBUG_INFORMATION_FORMAT = dwarf;
				ENABLE_STRICT_OBJC_MSGSEND = YES;
				ENABLE_TESTABILITY = YES;
				GCC_C_LANGUAGE_STANDARD = gnu99;
				GCC_DYNAMIC_NO_PIC = NO;
				GCC_NO_COMMON_BLOCKS = YES;
				GCC_OPTIMIZATION_LEVEL = 0;
				GCC_PREPROCESSOR_DEFINITIONS = (
					"DEBUG=1",
					"$(inherited)",
				);
				GCC_WARN_64_TO_32_BIT_CONVERSION = YES;
				GCC_WARN_ABOUT_RETURN_TYPE = YES_ERROR;
				GCC_WARN_UNDECLARED_SELECTOR = YES;
				GCC_WARN_UNINITIALIZED_AUTOS = YES_AGGRESSIVE;
				GCC_WARN_UNUSED_FUNCTION = YES;
				GCC_WARN_UNUSED_VARIABLE = YES;
				IPHONEOS_DEPLOYMENT_TARGET = 10.3;
				MTL_ENABLE_DEBUG_INFO = YES;
				ONLY_ACTIVE_ARCH = YES;
				SDKROOT = iphoneos;
				SWIFT_ACTIVE_COMPILATION_CONDITIONS = DEBUG;
				SWIFT_OPTIMIZATION_LEVEL = "-Onone";
			};
			name = Debug;
		};
		B49EF95B1F196FCC0092FAD2 /* Release */ = {
			isa = XCBuildConfiguration;
			buildSettings = {
				ALWAYS_SEARCH_USER_PATHS = NO;
				CLANG_ANALYZER_NONNULL = YES;
				CLANG_ANALYZER_NUMBER_OBJECT_CONVERSION = YES_AGGRESSIVE;
				CLANG_CXX_LANGUAGE_STANDARD = "gnu++0x";
				CLANG_CXX_LIBRARY = "libc++";
				CLANG_ENABLE_MODULES = YES;
				CLANG_ENABLE_OBJC_ARC = YES;
				CLANG_WARN_BOOL_CONVERSION = YES;
				CLANG_WARN_CONSTANT_CONVERSION = YES;
				CLANG_WARN_DIRECT_OBJC_ISA_USAGE = YES_ERROR;
				CLANG_WARN_DOCUMENTATION_COMMENTS = YES;
				CLANG_WARN_EMPTY_BODY = YES;
				CLANG_WARN_ENUM_CONVERSION = YES;
				CLANG_WARN_INFINITE_RECURSION = YES;
				CLANG_WARN_INT_CONVERSION = YES;
				CLANG_WARN_OBJC_ROOT_CLASS = YES_ERROR;
				CLANG_WARN_SUSPICIOUS_MOVE = YES;
				CLANG_WARN_UNREACHABLE_CODE = YES;
				CLANG_WARN__DUPLICATE_METHOD_MATCH = YES;
				"CODE_SIGN_IDENTITY[sdk=iphoneos*]" = "iPhone Developer";
				COPY_PHASE_STRIP = NO;
				DEBUG_INFORMATION_FORMAT = "dwarf-with-dsym";
				ENABLE_NS_ASSERTIONS = NO;
				ENABLE_STRICT_OBJC_MSGSEND = YES;
				GCC_C_LANGUAGE_STANDARD = gnu99;
				GCC_NO_COMMON_BLOCKS = YES;
				GCC_WARN_64_TO_32_BIT_CONVERSION = YES;
				GCC_WARN_ABOUT_RETURN_TYPE = YES_ERROR;
				GCC_WARN_UNDECLARED_SELECTOR = YES;
				GCC_WARN_UNINITIALIZED_AUTOS = YES_AGGRESSIVE;
				GCC_WARN_UNUSED_FUNCTION = YES;
				GCC_WARN_UNUSED_VARIABLE = YES;
				IPHONEOS_DEPLOYMENT_TARGET = 10.3;
				MTL_ENABLE_DEBUG_INFO = NO;
				SDKROOT = iphoneos;
				SWIFT_OPTIMIZATION_LEVEL = "-Owholemodule";
				VALIDATE_PRODUCT = YES;
			};
			name = Release;
		};
		B49EF95D1F196FCC0092FAD2 /* Debug */ = {
			isa = XCBuildConfiguration;
			baseConfigurationReference = F05A9DFC3768A19E01D51932 /* Pods-Sandwich.debug.xcconfig */;
			buildSettings = {
				ASSETCATALOG_COMPILER_APPICON_NAME = AppIcon;
				DEVELOPMENT_TEAM = 74CF28R6R2;
				INFOPLIST_FILE = Sandwich/Info.plist;
				LD_RUNPATH_SEARCH_PATHS = "$(inherited) @executable_path/Frameworks";
				PRODUCT_BUNDLE_IDENTIFIER = com.jasoncancode.Sandwich;
				PRODUCT_NAME = "$(TARGET_NAME)";
				SWIFT_VERSION = 3.0;
			};
			name = Debug;
		};
		B49EF95E1F196FCC0092FAD2 /* Release */ = {
			isa = XCBuildConfiguration;
			baseConfigurationReference = 981B76B3B18575DF067A042A /* Pods-Sandwich.release.xcconfig */;
			buildSettings = {
				ASSETCATALOG_COMPILER_APPICON_NAME = AppIcon;
				DEVELOPMENT_TEAM = 74CF28R6R2;
				INFOPLIST_FILE = Sandwich/Info.plist;
				LD_RUNPATH_SEARCH_PATHS = "$(inherited) @executable_path/Frameworks";
				PRODUCT_BUNDLE_IDENTIFIER = com.jasoncancode.Sandwich;
				PRODUCT_NAME = "$(TARGET_NAME)";
				SWIFT_VERSION = 3.0;
			};
			name = Release;
		};
/* End XCBuildConfiguration section */

/* Begin XCConfigurationList section */
		B49EF9451F196FCC0092FAD2 /* Build configuration list for PBXProject "Sandwich" */ = {
			isa = XCConfigurationList;
			buildConfigurations = (
				B49EF95A1F196FCC0092FAD2 /* Debug */,
				B49EF95B1F196FCC0092FAD2 /* Release */,
			);
			defaultConfigurationIsVisible = 0;
			defaultConfigurationName = Release;
		};
		B49EF95C1F196FCC0092FAD2 /* Build configuration list for PBXNativeTarget "Sandwich" */ = {
			isa = XCConfigurationList;
			buildConfigurations = (
				B49EF95D1F196FCC0092FAD2 /* Debug */,
				B49EF95E1F196FCC0092FAD2 /* Release */,
			);
			defaultConfigurationIsVisible = 0;
			defaultConfigurationName = Release;
		};
/* End XCConfigurationList section */
	};
	rootObject = B49EF9421F196FCC0092FAD2 /* Project object */;
}
